
Microsoft Visual Studio Solution File, Format Version 12.00
# Visual Studio Version 17
VisualStudioVersion = 17.13.35806.99
MinimumVisualStudioVersion = 10.0.40219.1
Project("{FAE04EC0-301F-11D3-BF4B-00C04F79EFBC}") = "FinanceManagerWPF", "FinanceManagerWPF\FinanceManagerWPF.csproj", "{33DBB9F2-044B-4CF7-A0F1-9621965C7497}"
EndProject
Project("{FAE04EC0-301F-11D3-BF4B-00C04F79EFBC}") = "FinanceManager", "FinanceManager\FinanceManager.csproj", "{9F8736F7-A8A1-4818-BB8A-D78F76272EFF}"
EndProject
Global
	GlobalSection(SolutionConfigurationPlatforms) = preSolution
		Debug|Any CPU = Debug|Any CPU
		Release|Any CPU = Release|Any CPU
	EndGlobalSection
	GlobalSection(ProjectConfigurationPlatforms) = postSolution
		{33DBB9F2-044B-4CF7-A0F1-9621965C7497}.Debug|Any CPU.ActiveCfg = Debug|Any CPU
		{33DBB9F2-044B-4CF7-A0F1-9621965C7497}.Debug|Any CPU.Build.0 = Debug|Any CPU
		{33DBB9F2-044B-4CF7-A0F1-9621965C7497}.Release|Any CPU.ActiveCfg = Release|Any CPU
		{33DBB9F2-044B-4CF7-A0F1-9621965C7497}.Release|Any CPU.Build.0 = Release|Any CPU
		{9F8736F7-A8A1-4818-BB8A-D78F76272EFF}.Debug|Any CPU.ActiveCfg = Debug|Any CPU
		{9F8736F7-A8A1-4818-BB8A-D78F76272EFF}.Debug|Any CPU.Build.0 = Debug|Any CPU
		{9F8736F7-A8A1-4818-BB8A-D78F76272EFF}.Release|Any CPU.ActiveCfg = Release|Any CPU
		{9F8736F7-A8A1-4818-BB8A-D78F76272EFF}.Release|Any CPU.Build.0 = Release|Any CPU
	EndGlobalSection
	GlobalSection(SolutionProperties) = preSolution
		HideSolutionNode = FALSE
	EndGlobalSection
	GlobalSection(ExtensibilityGlobals) = postSolution
		SolutionGuid = {44D294CC-14BD-455D-91F1-2FCAC4A66D7D}
	EndGlobalSection
EndGlobal
